
Microsoft Visual Studio Solution File, Format Version 12.00
# Visual Studio Version 17
VisualStudioVersion = 17.9.34728.123
MinimumVisualStudioVersion = 10.0.40219.1
Project("{FAE04EC0-301F-11D3-BF4B-00C04F79EFBC}") = "VulnAnalyser", "VulnAnalyser.csproj", "{76633DC8-4B07-443F-84BE-7511AB06B789}"
EndProject
Global
	GlobalSection(SolutionConfigurationPlatforms) = preSolution
		Debug|Any CPU = Debug|Any CPU
		Release|Any CPU = Release|Any CPU
	EndGlobalSection
	GlobalSection(ProjectConfigurationPlatforms) = postSolution
		{76633DC8-4B07-443F-84BE-7511AB06B789}.Debug|Any CPU.ActiveCfg = Debug|Any CPU
		{76633DC8-4B07-443F-84BE-7511AB06B789}.Debug|Any CPU.Build.0 = Debug|Any CPU
		{76633DC8-4B07-443F-84BE-7511AB06B789}.Release|Any CPU.ActiveCfg = Release|Any CPU
		{76633DC8-4B07-443F-84BE-7511AB06B789}.Release|Any CPU.Build.0 = Release|Any CPU
	EndGlobalSection
	GlobalSection(SolutionProperties) = preSolution
		HideSolutionNode = FALSE
	EndGlobalSection
	GlobalSection(ExtensibilityGlobals) = postSolution
		SolutionGuid = {F4D5566A-692F-4973-8433-71921B6DB82B}
	EndGlobalSection
EndGlobal
